
Microsoft Visual Studio Solution File, Format Version 12.00
Project("{FAE04EC0-301F-11D3-BF4B-00C04F79EFBC}") = "7. Reverse Integer", "7. Reverse Integer.csproj", "{3945AC2E-D1C9-4F63-BB08-97315E07DAF5}"
EndProject
Global
	GlobalSection(SolutionConfigurationPlatforms) = preSolution
		Debug|Any CPU = Debug|Any CPU
		Release|Any CPU = Release|Any CPU
	EndGlobalSection
	GlobalSection(ProjectConfigurationPlatforms) = postSolution
		{3945AC2E-D1C9-4F63-BB08-97315E07DAF5}.Debug|Any CPU.ActiveCfg = Debug|Any CPU
		{3945AC2E-D1C9-4F63-BB08-97315E07DAF5}.Debug|Any CPU.Build.0 = Debug|Any CPU
		{3945AC2E-D1C9-4F63-BB08-97315E07DAF5}.Release|Any CPU.ActiveCfg = Release|Any CPU
		{3945AC2E-D1C9-4F63-BB08-97315E07DAF5}.Release|Any CPU.Build.0 = Release|Any CPU
	EndGlobalSection
EndGlobal
